
Microsoft Visual Studio Solution File, Format Version 12.00
# Visual Studio Version 16
VisualStudioVersion = 16.0.30011.22
MinimumVisualStudioVersion = 10.0.40219.1
Project("{FAE04EC0-301F-11D3-BF4B-00C04F79EFBC}") = "BehavioralDesignPatterns", "BehavioralDesignPatterns\BehavioralDesignPatterns.csproj", "{5FC61FE6-FDE0-4712-ACC7-9B4DA70E3509}"
EndProject
Global
	GlobalSection(SolutionConfigurationPlatforms) = preSolution
		Debug|Any CPU = Debug|Any CPU
		Release|Any CPU = Release|Any CPU
	EndGlobalSection
	GlobalSection(ProjectConfigurationPlatforms) = postSolution
		{5FC61FE6-FDE0-4712-ACC7-9B4DA70E3509}.Debug|Any CPU.ActiveCfg = Debug|Any CPU
		{5FC61FE6-FDE0-4712-ACC7-9B4DA70E3509}.Debug|Any CPU.Build.0 = Debug|Any CPU
		{5FC61FE6-FDE0-4712-ACC7-9B4DA70E3509}.Release|Any CPU.ActiveCfg = Release|Any CPU
		{5FC61FE6-FDE0-4712-ACC7-9B4DA70E3509}.Release|Any CPU.Build.0 = Release|Any CPU
	EndGlobalSection
	GlobalSection(SolutionProperties) = preSolution
		HideSolutionNode = FALSE
	EndGlobalSection
	GlobalSection(ExtensibilityGlobals) = postSolution
		SolutionGuid = {EAB5C0DF-C8B5-4CF1-BF2C-8BEE2268DA31}
	EndGlobalSection
EndGlobal
